// !$*UTF8*$!
{
	archiveVersion = 1;
	classes = {
	};
	objectVersion = 48;
	objects = {

/* Begin PBXBuildFile section */
		089211611FF393A500327313 /* MainViewController.swift in Sources */ = {isa = PBXBuildFile; fileRef = 089211601FF393A500327313 /* MainViewController.swift */; };
		089211631FF400D400327313 /* LyricsViewController.swift in Sources */ = {isa = PBXBuildFile; fileRef = 089211621FF400D400327313 /* LyricsViewController.swift */; };
		089211671FF4F51000327313 /* Model.xcdatamodeld in Sources */ = {isa = PBXBuildFile; fileRef = 089211651FF4F51000327313 /* Model.xcdatamodeld */; };
		0892116A1FF55A7C00327313 /* CoreDataStack.swift in Sources */ = {isa = PBXBuildFile; fileRef = 089211691FF55A7C00327313 /* CoreDataStack.swift */; };
		0892116C1FF55AAC00327313 /* Artist+CoreDataClass.swift in Sources */ = {isa = PBXBuildFile; fileRef = 0892116B1FF55AAC00327313 /* Artist+CoreDataClass.swift */; };
		089211701FF55AFB00327313 /* Title+CoreDataClass.swift in Sources */ = {isa = PBXBuildFile; fileRef = 0892116F1FF55AFB00327313 /* Title+CoreDataClass.swift */; };
		089211721FF55B2500327313 /* Artist+CoreDataProperties.swift in Sources */ = {isa = PBXBuildFile; fileRef = 089211711FF55B2500327313 /* Artist+CoreDataProperties.swift */; };
		089211741FF55B3600327313 /* Title+CoreDataProperties.swift in Sources */ = {isa = PBXBuildFile; fileRef = 089211731FF55B3600327313 /* Title+CoreDataProperties.swift */; };
		0892117A1FF55E5400327313 /* TableViewCell.swift in Sources */ = {isa = PBXBuildFile; fileRef = 089211791FF55E5400327313 /* TableViewCell.swift */; };
		0892117E1FF5644B00327313 /* TableViewController.swift in Sources */ = {isa = PBXBuildFile; fileRef = 0892117D1FF5644B00327313 /* TableViewController.swift */; };
		089211801FF5649A00327313 /* CoreDataViewController.swift in Sources */ = {isa = PBXBuildFile; fileRef = 0892117F1FF5649A00327313 /* CoreDataViewController.swift */; };
		089211821FF564CB00327313 /* OriginViewController.swift in Sources */ = {isa = PBXBuildFile; fileRef = 089211811FF564CB00327313 /* OriginViewController.swift */; };
		089211841FF564D700327313 /* FetchViewController.swift in Sources */ = {isa = PBXBuildFile; fileRef = 089211831FF564D700327313 /* FetchViewController.swift */; };
		089211861FF57F1700327313 /* Main.storyboard in Resources */ = {isa = PBXBuildFile; fileRef = 089211851FF57F1700327313 /* Main.storyboard */; };
		08E986F11FF2BB6400BCB7F7 /* AppDelegate.swift in Sources */ = {isa = PBXBuildFile; fileRef = 08E986F01FF2BB6400BCB7F7 /* AppDelegate.swift */; };
		08E986F81FF2BB6400BCB7F7 /* Assets.xcassets in Resources */ = {isa = PBXBuildFile; fileRef = 08E986F71FF2BB6400BCB7F7 /* Assets.xcassets */; };
		08E986FB1FF2BB6400BCB7F7 /* LaunchScreen.storyboard in Resources */ = {isa = PBXBuildFile; fileRef = 08E986F91FF2BB6400BCB7F7 /* LaunchScreen.storyboard */; };
		08E987061FF2BB6400BCB7F7 /* capstoneTests.swift in Sources */ = {isa = PBXBuildFile; fileRef = 08E987051FF2BB6400BCB7F7 /* capstoneTests.swift */; };
		08E987111FF2BB6400BCB7F7 /* capstoneUITests.swift in Sources */ = {isa = PBXBuildFile; fileRef = 08E987101FF2BB6400BCB7F7 /* capstoneUITests.swift */; };
		08E987201FF2C21A00BCB7F7 /* LyricsNetworking.swift in Sources */ = {isa = PBXBuildFile; fileRef = 08E9871F1FF2C21A00BCB7F7 /* LyricsNetworking.swift */; };
/* End PBXBuildFile section */

/* Begin PBXContainerItemProxy section */
		08E987021FF2BB6400BCB7F7 /* PBXContainerItemProxy */ = {
			isa = PBXContainerItemProxy;
			containerPortal = 08E986E51FF2BB6400BCB7F7 /* Project object */;
			proxyType = 1;
			remoteGlobalIDString = 08E986EC1FF2BB6400BCB7F7;
			remoteInfo = capstone;
		};
		08E9870D1FF2BB6400BCB7F7 /* PBXContainerItemProxy */ = {
			isa = PBXContainerItemProxy;
			containerPortal = 08E986E51FF2BB6400BCB7F7 /* Project object */;
			proxyType = 1;
			remoteGlobalIDString = 08E986EC1FF2BB6400BCB7F7;
			remoteInfo = capstone;
		};
/* End PBXContainerItemProxy section */

/* Begin PBXFileReference section */
		089211601FF393A500327313 /* MainViewController.swift */ = {isa = PBXFileReference; lastKnownFileType = sourcecode.swift; path = MainViewController.swift; sourceTree = "<group>"; };
		089211621FF400D400327313 /* LyricsViewController.swift */ = {isa = PBXFileReference; lastKnownFileType = sourcecode.swift; path = LyricsViewController.swift; sourceTree = "<group>"; };
		089211661FF4F51000327313 /* Model.xcdatamodel */ = {isa = PBXFileReference; lastKnownFileType = wrapper.xcdatamodel; path = Model.xcdatamodel; sourceTree = "<group>"; };
		089211691FF55A7C00327313 /* CoreDataStack.swift */ = {isa = PBXFileReference; fileEncoding = 4; lastKnownFileType = sourcecode.swift; path = CoreDataStack.swift; sourceTree = "<group>"; };
		0892116B1FF55AAC00327313 /* Artist+CoreDataClass.swift */ = {isa = PBXFileReference; lastKnownFileType = sourcecode.swift; path = "Artist+CoreDataClass.swift"; sourceTree = "<group>"; };
		0892116F1FF55AFB00327313 /* Title+CoreDataClass.swift */ = {isa = PBXFileReference; lastKnownFileType = sourcecode.swift; path = "Title+CoreDataClass.swift"; sourceTree = "<group>"; };
		089211711FF55B2500327313 /* Artist+CoreDataProperties.swift */ = {isa = PBXFileReference; lastKnownFileType = sourcecode.swift; path = "Artist+CoreDataProperties.swift"; sourceTree = "<group>"; };
		089211731FF55B3600327313 /* Title+CoreDataProperties.swift */ = {isa = PBXFileReference; lastKnownFileType = sourcecode.swift; path = "Title+CoreDataProperties.swift"; sourceTree = "<group>"; };
		089211791FF55E5400327313 /* TableViewCell.swift */ = {isa = PBXFileReference; lastKnownFileType = sourcecode.swift; path = TableViewCell.swift; sourceTree = "<group>"; };
		0892117D1FF5644B00327313 /* TableViewController.swift */ = {isa = PBXFileReference; lastKnownFileType = sourcecode.swift; path = TableViewController.swift; sourceTree = "<group>"; };
		0892117F1FF5649A00327313 /* CoreDataViewController.swift */ = {isa = PBXFileReference; fileEncoding = 4; lastKnownFileType = sourcecode.swift; path = CoreDataViewController.swift; sourceTree = "<group>"; };
		089211811FF564CB00327313 /* OriginViewController.swift */ = {isa = PBXFileReference; fileEncoding = 4; lastKnownFileType = sourcecode.swift; path = OriginViewController.swift; sourceTree = "<group>"; };
		089211831FF564D700327313 /* FetchViewController.swift */ = {isa = PBXFileReference; fileEncoding = 4; lastKnownFileType = sourcecode.swift; path = FetchViewController.swift; sourceTree = "<group>"; };
		089211851FF57F1700327313 /* Main.storyboard */ = {isa = PBXFileReference; lastKnownFileType = file.storyboard; path = Main.storyboard; sourceTree = "<group>"; };
		08E986ED1FF2BB6400BCB7F7 /* capstone.app */ = {isa = PBXFileReference; explicitFileType = wrapper.application; includeInIndex = 0; path = capstone.app; sourceTree = BUILT_PRODUCTS_DIR; };
		08E986F01FF2BB6400BCB7F7 /* AppDelegate.swift */ = {isa = PBXFileReference; lastKnownFileType = sourcecode.swift; path = AppDelegate.swift; sourceTree = "<group>"; };
		08E986F71FF2BB6400BCB7F7 /* Assets.xcassets */ = {isa = PBXFileReference; lastKnownFileType = folder.assetcatalog; path = Assets.xcassets; sourceTree = "<group>"; };
		08E986FA1FF2BB6400BCB7F7 /* Base */ = {isa = PBXFileReference; lastKnownFileType = file.storyboard; name = Base; path = Base.lproj/LaunchScreen.storyboard; sourceTree = "<group>"; };
		08E986FC1FF2BB6400BCB7F7 /* Info.plist */ = {isa = PBXFileReference; lastKnownFileType = text.plist.xml; path = Info.plist; sourceTree = "<group>"; };
		08E987011FF2BB6400BCB7F7 /* capstoneTests.xctest */ = {isa = PBXFileReference; explicitFileType = wrapper.cfbundle; includeInIndex = 0; path = capstoneTests.xctest; sourceTree = BUILT_PRODUCTS_DIR; };
		08E987051FF2BB6400BCB7F7 /* capstoneTests.swift */ = {isa = PBXFileReference; lastKnownFileType = sourcecode.swift; path = capstoneTests.swift; sourceTree = "<group>"; };
		08E987071FF2BB6400BCB7F7 /* Info.plist */ = {isa = PBXFileReference; lastKnownFileType = text.plist.xml; path = Info.plist; sourceTree = "<group>"; };
		08E9870C1FF2BB6400BCB7F7 /* capstoneUITests.xctest */ = {isa = PBXFileReference; explicitFileType = wrapper.cfbundle; includeInIndex = 0; path = capstoneUITests.xctest; sourceTree = BUILT_PRODUCTS_DIR; };
		08E987101FF2BB6400BCB7F7 /* capstoneUITests.swift */ = {isa = PBXFileReference; lastKnownFileType = sourcecode.swift; path = capstoneUITests.swift; sourceTree = "<group>"; };
		08E987121FF2BB6400BCB7F7 /* Info.plist */ = {isa = PBXFileReference; lastKnownFileType = text.plist.xml; path = Info.plist; sourceTree = "<group>"; };
		08E9871F1FF2C21A00BCB7F7 /* LyricsNetworking.swift */ = {isa = PBXFileReference; lastKnownFileType = sourcecode.swift; path = LyricsNetworking.swift; sourceTree = "<group>"; };
/* End PBXFileReference section */

/* Begin PBXFrameworksBuildPhase section */
		08E986EA1FF2BB6400BCB7F7 /* Frameworks */ = {
			isa = PBXFrameworksBuildPhase;
			buildActionMask = 2147483647;
			files = (
			);
			runOnlyForDeploymentPostprocessing = 0;
		};
		08E986FE1FF2BB6400BCB7F7 /* Frameworks */ = {
			isa = PBXFrameworksBuildPhase;
			buildActionMask = 2147483647;
			files = (
			);
			runOnlyForDeploymentPostprocessing = 0;
		};
		08E987091FF2BB6400BCB7F7 /* Frameworks */ = {
			isa = PBXFrameworksBuildPhase;
			buildActionMask = 2147483647;
			files = (
			);
			runOnlyForDeploymentPostprocessing = 0;
		};
/* End PBXFrameworksBuildPhase section */

/* Begin PBXGroup section */
		089211681FF55A5F00327313 /* Model */ = {
			isa = PBXGroup;
			children = (
				089211691FF55A7C00327313 /* CoreDataStack.swift */,
				0892116B1FF55AAC00327313 /* Artist+CoreDataClass.swift */,
				0892116F1FF55AFB00327313 /* Title+CoreDataClass.swift */,
				089211711FF55B2500327313 /* Artist+CoreDataProperties.swift */,
				089211731FF55B3600327313 /* Title+CoreDataProperties.swift */,
			);
			path = Model;
			sourceTree = "<group>";
		};
		08E986E41FF2BB6400BCB7F7 = {
			isa = PBXGroup;
			children = (
				089211681FF55A5F00327313 /* Model */,
				08E9871E1FF2C1EE00BCB7F7 /* Networking */,
				08E986EF1FF2BB6400BCB7F7 /* capstone */,
				08E987041FF2BB6400BCB7F7 /* capstoneTests */,
				08E9870F1FF2BB6400BCB7F7 /* capstoneUITests */,
				08E986EE1FF2BB6400BCB7F7 /* Products */,
			);
			sourceTree = "<group>";
		};
		08E986EE1FF2BB6400BCB7F7 /* Products */ = {
			isa = PBXGroup;
			children = (
				08E986ED1FF2BB6400BCB7F7 /* capstone.app */,
				08E987011FF2BB6400BCB7F7 /* capstoneTests.xctest */,
				08E9870C1FF2BB6400BCB7F7 /* capstoneUITests.xctest */,
			);
			name = Products;
			sourceTree = "<group>";
		};
		08E986EF1FF2BB6400BCB7F7 /* capstone */ = {
			isa = PBXGroup;
			children = (
				08E986F01FF2BB6400BCB7F7 /* AppDelegate.swift */,
				089211851FF57F1700327313 /* Main.storyboard */,
				08E986F71FF2BB6400BCB7F7 /* Assets.xcassets */,
				08E986F91FF2BB6400BCB7F7 /* LaunchScreen.storyboard */,
				08E986FC1FF2BB6400BCB7F7 /* Info.plist */,
				089211601FF393A500327313 /* MainViewController.swift */,
				089211831FF564D700327313 /* FetchViewController.swift */,
				089211621FF400D400327313 /* LyricsViewController.swift */,
				089211651FF4F51000327313 /* Model.xcdatamodeld */,
				089211791FF55E5400327313 /* TableViewCell.swift */,
				0892117D1FF5644B00327313 /* TableViewController.swift */,
				0892117F1FF5649A00327313 /* CoreDataViewController.swift */,
				089211811FF564CB00327313 /* OriginViewController.swift */,
			);
			path = capstone;
			sourceTree = "<group>";
		};
		08E987041FF2BB6400BCB7F7 /* capstoneTests */ = {
			isa = PBXGroup;
			children = (
				08E987051FF2BB6400BCB7F7 /* capstoneTests.swift */,
				08E987071FF2BB6400BCB7F7 /* Info.plist */,
			);
			path = capstoneTests;
			sourceTree = "<group>";
		};
		08E9870F1FF2BB6400BCB7F7 /* capstoneUITests */ = {
			isa = PBXGroup;
			children = (
				08E987101FF2BB6400BCB7F7 /* capstoneUITests.swift */,
				08E987121FF2BB6400BCB7F7 /* Info.plist */,
			);
			path = capstoneUITests;
			sourceTree = "<group>";
		};
		08E9871E1FF2C1EE00BCB7F7 /* Networking */ = {
			isa = PBXGroup;
			children = (
				08E9871F1FF2C21A00BCB7F7 /* LyricsNetworking.swift */,
			);
			path = Networking;
			sourceTree = "<group>";
		};
/* End PBXGroup section */

/* Begin PBXNativeTarget section */
		08E986EC1FF2BB6400BCB7F7 /* capstone */ = {
			isa = PBXNativeTarget;
			buildConfigurationList = 08E987151FF2BB6400BCB7F7 /* Build configuration list for PBXNativeTarget "capstone" */;
			buildPhases = (
				08E986E91FF2BB6400BCB7F7 /* Sources */,
				08E986EA1FF2BB6400BCB7F7 /* Frameworks */,
				08E986EB1FF2BB6400BCB7F7 /* Resources */,
			);
			buildRules = (
			);
			dependencies = (
			);
			name = capstone;
			productName = capstone;
			productReference = 08E986ED1FF2BB6400BCB7F7 /* capstone.app */;
			productType = "com.apple.product-type.application";
		};
		08E987001FF2BB6400BCB7F7 /* capstoneTests */ = {
			isa = PBXNativeTarget;
			buildConfigurationList = 08E987181FF2BB6400BCB7F7 /* Build configuration list for PBXNativeTarget "capstoneTests" */;
			buildPhases = (
				08E986FD1FF2BB6400BCB7F7 /* Sources */,
				08E986FE1FF2BB6400BCB7F7 /* Frameworks */,
				08E986FF1FF2BB6400BCB7F7 /* Resources */,
			);
			buildRules = (
			);
			dependencies = (
				08E987031FF2BB6400BCB7F7 /* PBXTargetDependency */,
			);
			name = capstoneTests;
			productName = capstoneTests;
			productReference = 08E987011FF2BB6400BCB7F7 /* capstoneTests.xctest */;
			productType = "com.apple.product-type.bundle.unit-test";
		};
		08E9870B1FF2BB6400BCB7F7 /* capstoneUITests */ = {
			isa = PBXNativeTarget;
			buildConfigurationList = 08E9871B1FF2BB6400BCB7F7 /* Build configuration list for PBXNativeTarget "capstoneUITests" */;
			buildPhases = (
				08E987081FF2BB6400BCB7F7 /* Sources */,
				08E987091FF2BB6400BCB7F7 /* Frameworks */,
				08E9870A1FF2BB6400BCB7F7 /* Resources */,
			);
			buildRules = (
			);
			dependencies = (
				08E9870E1FF2BB6400BCB7F7 /* PBXTargetDependency */,
			);
			name = capstoneUITests;
			productName = capstoneUITests;
			productReference = 08E9870C1FF2BB6400BCB7F7 /* capstoneUITests.xctest */;
			productType = "com.apple.product-type.bundle.ui-testing";
		};
/* End PBXNativeTarget section */

/* Begin PBXProject section */
		08E986E51FF2BB6400BCB7F7 /* Project object */ = {
			isa = PBXProject;
			attributes = {
				LastSwiftUpdateCheck = 0910;
				LastUpgradeCheck = 0910;
				ORGANIZATIONNAME = "Rahul Dhiman";
				TargetAttributes = {
					08E986EC1FF2BB6400BCB7F7 = {
						CreatedOnToolsVersion = 9.1;
						ProvisioningStyle = Automatic;
					};
					08E987001FF2BB6400BCB7F7 = {
						CreatedOnToolsVersion = 9.1;
						ProvisioningStyle = Automatic;
						TestTargetID = 08E986EC1FF2BB6400BCB7F7;
					};
					08E9870B1FF2BB6400BCB7F7 = {
						CreatedOnToolsVersion = 9.1;
						ProvisioningStyle = Automatic;
						TestTargetID = 08E986EC1FF2BB6400BCB7F7;
					};
				};
			};
			buildConfigurationList = 08E986E81FF2BB6400BCB7F7 /* Build configuration list for PBXProject "capstone" */;
			compatibilityVersion = "Xcode 8.0";
			developmentRegion = en;
			hasScannedForEncodings = 0;
			knownRegions = (
				en,
				Base,
			);
			mainGroup = 08E986E41FF2BB6400BCB7F7;
			productRefGroup = 08E986EE1FF2BB6400BCB7F7 /* Products */;
			projectDirPath = "";
			projectRoot = "";
			targets = (
				08E986EC1FF2BB6400BCB7F7 /* capstone */,
				08E987001FF2BB6400BCB7F7 /* capstoneTests */,
				08E9870B1FF2BB6400BCB7F7 /* capstoneUITests */,
			);
		};
/* End PBXProject section */

/* Begin PBXResourcesBuildPhase section */
		08E986EB1FF2BB6400BCB7F7 /* Resources */ = {
			isa = PBXResourcesBuildPhase;
			buildActionMask = 2147483647;
			files = (
				08E986FB1FF2BB6400BCB7F7 /* LaunchScreen.storyboard in Resources */,
				089211861FF57F1700327313 /* Main.storyboard in Resources */,
				08E986F81FF2BB6400BCB7F7 /* Assets.xcassets in Resources */,
			);
			runOnlyForDeploymentPostprocessing = 0;
		};
		08E986FF1FF2BB6400BCB7F7 /* Resources */ = {
			isa = PBXResourcesBuildPhase;
			buildActionMask = 2147483647;
			files = (
			);
			runOnlyForDeploymentPostprocessing = 0;
		};
		08E9870A1FF2BB6400BCB7F7 /* Resources */ = {
			isa = PBXResourcesBuildPhase;
			buildActionMask = 2147483647;
			files = (
			);
			runOnlyForDeploymentPostprocessing = 0;
		};
/* End PBXResourcesBuildPhase section */

/* Begin PBXSourcesBuildPhase section */
		08E986E91FF2BB6400BCB7F7 /* Sources */ = {
			isa = PBXSourcesBuildPhase;
			buildActionMask = 2147483647;
			files = (
				089211611FF393A500327313 /* MainViewController.swift in Sources */,
				089211801FF5649A00327313 /* CoreDataViewController.swift in Sources */,
				08E987201FF2C21A00BCB7F7 /* LyricsNetworking.swift in Sources */,
				089211721FF55B2500327313 /* Artist+CoreDataProperties.swift in Sources */,
				089211821FF564CB00327313 /* OriginViewController.swift in Sources */,
				089211701FF55AFB00327313 /* Title+CoreDataClass.swift in Sources */,
				089211741FF55B3600327313 /* Title+CoreDataProperties.swift in Sources */,
				089211671FF4F51000327313 /* Model.xcdatamodeld in Sources */,
				0892116C1FF55AAC00327313 /* Artist+CoreDataClass.swift in Sources */,
				0892117E1FF5644B00327313 /* TableViewController.swift in Sources */,
				0892116A1FF55A7C00327313 /* CoreDataStack.swift in Sources */,
				0892117A1FF55E5400327313 /* TableViewCell.swift in Sources */,
				089211631FF400D400327313 /* LyricsViewController.swift in Sources */,
				08E986F11FF2BB6400BCB7F7 /* AppDelegate.swift in Sources */,
				089211841FF564D700327313 /* FetchViewController.swift in Sources */,
			);
			runOnlyForDeploymentPostprocessing = 0;
		};
		08E986FD1FF2BB6400BCB7F7 /* Sources */ = {
			isa = PBXSourcesBuildPhase;
			buildActionMask = 2147483647;
			files = (
				08E987061FF2BB6400BCB7F7 /* capstoneTests.swift in Sources */,
			);
			runOnlyForDeploymentPostprocessing = 0;
		};
		08E987081FF2BB6400BCB7F7 /* Sources */ = {
			isa = PBXSourcesBuildPhase;
			buildActionMask = 2147483647;
			files = (
				08E987111FF2BB6400BCB7F7 /* capstoneUITests.swift in Sources */,
			);
			runOnlyForDeploymentPostprocessing = 0;
		};
/* End PBXSourcesBuildPhase section */

/* Begin PBXTargetDependency section */
		08E987031FF2BB6400BCB7F7 /* PBXTargetDependency */ = {
			isa = PBXTargetDependency;
			target = 08E986EC1FF2BB6400BCB7F7 /* capstone */;
			targetProxy = 08E987021FF2BB6400BCB7F7 /* PBXContainerItemProxy */;
		};
		08E9870E1FF2BB6400BCB7F7 /* PBXTargetDependency */ = {
			isa = PBXTargetDependency;
			target = 08E986EC1FF2BB6400BCB7F7 /* capstone */;
			targetProxy = 08E9870D1FF2BB6400BCB7F7 /* PBXContainerItemProxy */;
		};
/* End PBXTargetDependency section */

/* Begin PBXVariantGroup section */
		08E986F91FF2BB6400BCB7F7 /* LaunchScreen.storyboard */ = {
			isa = PBXVariantGroup;
			children = (
				08E986FA1FF2BB6400BCB7F7 /* Base */,
			);
			name = LaunchScreen.storyboard;
			sourceTree = "<group>";
		};
/* End PBXVariantGroup section */

/* Begin XCBuildConfiguration section */
		08E987131FF2BB6400BCB7F7 /* Debug */ = {
			isa = XCBuildConfiguration;
			buildSettings = {
				ALWAYS_SEARCH_USER_PATHS = NO;
				CLANG_ANALYZER_NONNULL = YES;
				CLANG_ANALYZER_NUMBER_OBJECT_CONVERSION = YES_AGGRESSIVE;
				CLANG_CXX_LANGUAGE_STANDARD = "gnu++14";
				CLANG_CXX_LIBRARY = "libc++";
				CLANG_ENABLE_MODULES = YES;
				CLANG_ENABLE_OBJC_ARC = YES;
				CLANG_WARN_BLOCK_CAPTURE_AUTORELEASING = YES;
				CLANG_WARN_BOOL_CONVERSION = YES;
				CLANG_WARN_COMMA = YES;
				CLANG_WARN_CONSTANT_CONVERSION = YES;
				CLANG_WARN_DIRECT_OBJC_ISA_USAGE = YES_ERROR;
				CLANG_WARN_DOCUMENTATION_COMMENTS = YES;
				CLANG_WARN_EMPTY_BODY = YES;
				CLANG_WARN_ENUM_CONVERSION = YES;
				CLANG_WARN_INFINITE_RECURSION = YES;
				CLANG_WARN_INT_CONVERSION = YES;
				CLANG_WARN_NON_LITERAL_NULL_CONVERSION = YES;
				CLANG_WARN_OBJC_LITERAL_CONVERSION = YES;
				CLANG_WARN_OBJC_ROOT_CLASS = YES_ERROR;
				CLANG_WARN_RANGE_LOOP_ANALYSIS = YES;
				CLANG_WARN_STRICT_PROTOTYPES = YES;
				CLANG_WARN_SUSPICIOUS_MOVE = YES;
				CLANG_WARN_UNGUARDED_AVAILABILITY = YES_AGGRESSIVE;
				CLANG_WARN_UNREACHABLE_CODE = YES;
				CLANG_WARN__DUPLICATE_METHOD_MATCH = YES;
				CODE_SIGN_IDENTITY = "iPhone Developer";
				COPY_PHASE_STRIP = NO;
				DEBUG_INFORMATION_FORMAT = dwarf;
				ENABLE_STRICT_OBJC_MSGSEND = YES;
				ENABLE_TESTABILITY = YES;
				GCC_C_LANGUAGE_STANDARD = gnu11;
				GCC_DYNAMIC_NO_PIC = NO;
				GCC_NO_COMMON_BLOCKS = YES;
				GCC_OPTIMIZATION_LEVEL = 0;
				GCC_PREPROCESSOR_DEFINITIONS = (
					"DEBUG=1",
					"$(inherited)",
				);
				GCC_WARN_64_TO_32_BIT_CONVERSION = YES;
				GCC_WARN_ABOUT_RETURN_TYPE = YES_ERROR;
				GCC_WARN_UNDECLARED_SELECTOR = YES;
				GCC_WARN_UNINITIALIZED_AUTOS = YES_AGGRESSIVE;
				GCC_WARN_UNUSED_FUNCTION = YES;
				GCC_WARN_UNUSED_VARIABLE = YES;
				IPHONEOS_DEPLOYMENT_TARGET = 11.1;
				MTL_ENABLE_DEBUG_INFO = YES;
				ONLY_ACTIVE_ARCH = YES;
				SDKROOT = iphoneos;
				SWIFT_ACTIVE_COMPILATION_CONDITIONS = DEBUG;
				SWIFT_OPTIMIZATION_LEVEL = "-Onone";
			};
			name = Debug;
		};
		08E987141FF2BB6400BCB7F7 /* Release */ = {
			isa = XCBuildConfiguration;
			buildSettings = {
				ALWAYS_SEARCH_USER_PATHS = NO;
				CLANG_ANALYZER_NONNULL = YES;
				CLANG_ANALYZER_NUMBER_OBJECT_CONVERSION = YES_AGGRESSIVE;
				CLANG_CXX_LANGUAGE_STANDARD = "gnu++14";
				CLANG_CXX_LIBRARY = "libc++";
				CLANG_ENABLE_MODULES = YES;
				CLANG_ENABLE_OBJC_ARC = YES;
				CLANG_WARN_BLOCK_CAPTURE_AUTORELEASING = YES;
				CLANG_WARN_BOOL_CONVERSION = YES;
				CLANG_WARN_COMMA = YES;
				CLANG_WARN_CONSTANT_CONVERSION = YES;
				CLANG_WARN_DIRECT_OBJC_ISA_USAGE = YES_ERROR;
				CLANG_WARN_DOCUMENTATION_COMMENTS = YES;
				CLANG_WARN_EMPTY_BODY = YES;
				CLANG_WARN_ENUM_CONVERSION = YES;
				CLANG_WARN_INFINITE_RECURSION = YES;
				CLANG_WARN_INT_CONVERSION = YES;
				CLANG_WARN_NON_LITERAL_NULL_CONVERSION = YES;
				CLANG_WARN_OBJC_LITERAL_CONVERSION = YES;
				CLANG_WARN_OBJC_ROOT_CLASS = YES_ERROR;
				CLANG_WARN_RANGE_LOOP_ANALYSIS = YES;
				CLANG_WARN_STRICT_PROTOTYPES = YES;
				CLANG_WARN_SUSPICIOUS_MOVE = YES;
				CLANG_WARN_UNGUARDED_AVAILABILITY = YES_AGGRESSIVE;
				CLANG_WARN_UNREACHABLE_CODE = YES;
				CLANG_WARN__DUPLICATE_METHOD_MATCH = YES;
				CODE_SIGN_IDENTITY = "iPhone Developer";
				COPY_PHASE_STRIP = NO;
				DEBUG_INFORMATION_FORMAT = "dwarf-with-dsym";
				ENABLE_NS_ASSERTIONS = NO;
				ENABLE_STRICT_OBJC_MSGSEND = YES;
				GCC_C_LANGUAGE_STANDARD = gnu11;
				GCC_NO_COMMON_BLOCKS = YES;
				GCC_WARN_64_TO_32_BIT_CONVERSION = YES;
				GCC_WARN_ABOUT_RETURN_TYPE = YES_ERROR;
				GCC_WARN_UNDECLARED_SELECTOR = YES;
				GCC_WARN_UNINITIALIZED_AUTOS = YES_AGGRESSIVE;
				GCC_WARN_UNUSED_FUNCTION = YES;
				GCC_WARN_UNUSED_VARIABLE = YES;
				IPHONEOS_DEPLOYMENT_TARGET = 11.1;
				MTL_ENABLE_DEBUG_INFO = NO;
				SDKROOT = iphoneos;
				SWIFT_OPTIMIZATION_LEVEL = "-Owholemodule";
				VALIDATE_PRODUCT = YES;
			};
			name = Release;
		};
		08E987161FF2BB6400BCB7F7 /* Debug */ = {
			isa = XCBuildConfiguration;
			buildSettings = {
				ASSETCATALOG_COMPILER_APPICON_NAME = AppIcon;
				CODE_SIGN_STYLE = Automatic;
				DEVELOPMENT_TEAM = BM93ACT257;
				INFOPLIST_FILE = capstone/Info.plist;
				LD_RUNPATH_SEARCH_PATHS = "$(inherited) @executable_path/Frameworks";
				PRODUCT_BUNDLE_IDENTIFIER = com.rahul.capstone;
				PRODUCT_NAME = "$(TARGET_NAME)";
				SWIFT_VERSION = 4.0;
				TARGETED_DEVICE_FAMILY = "1,2";
			};
			name = Debug;
		};
		08E987171FF2BB6400BCB7F7 /* Release */ = {
			isa = XCBuildConfiguration;
			buildSettings = {
				ASSETCATALOG_COMPILER_APPICON_NAME = AppIcon;
				CODE_SIGN_STYLE = Automatic;
				DEVELOPMENT_TEAM = BM93ACT257;
				INFOPLIST_FILE = capstone/Info.plist;
				LD_RUNPATH_SEARCH_PATHS = "$(inherited) @executable_path/Frameworks";
				PRODUCT_BUNDLE_IDENTIFIER = com.rahul.capstone;
				PRODUCT_NAME = "$(TARGET_NAME)";
				SWIFT_VERSION = 4.0;
				TARGETED_DEVICE_FAMILY = "1,2";
			};
			name = Release;
		};
		08E987191FF2BB6400BCB7F7 /* Debug */ = {
			isa = XCBuildConfiguration;
			buildSettings = {
				ALWAYS_EMBED_SWIFT_STANDARD_LIBRARIES = YES;
				BUNDLE_LOADER = "$(TEST_HOST)";
				CODE_SIGN_STYLE = Automatic;
				DEVELOPMENT_TEAM = BM93ACT257;
				INFOPLIST_FILE = capstoneTests/Info.plist;
				LD_RUNPATH_SEARCH_PATHS = "$(inherited) @executable_path/Frameworks @loader_path/Frameworks";
				PRODUCT_BUNDLE_IDENTIFIER = com.rahul.capstoneTests;
				PRODUCT_NAME = "$(TARGET_NAME)";
				SWIFT_VERSION = 4.0;
				TARGETED_DEVICE_FAMILY = "1,2";
				TEST_HOST = "$(BUILT_PRODUCTS_DIR)/capstone.app/capstone";
			};
			name = Debug;
		};
		08E9871A1FF2BB6400BCB7F7 /* Release */ = {
			isa = XCBuildConfiguration;
			buildSettings = {
				ALWAYS_EMBED_SWIFT_STANDARD_LIBRARIES = YES;
				BUNDLE_LOADER = "$(TEST_HOST)";
				CODE_SIGN_STYLE = Automatic;
				DEVELOPMENT_TEAM = BM93ACT257;
				INFOPLIST_FILE = capstoneTests/Info.plist;
				LD_RUNPATH_SEARCH_PATHS = "$(inherited) @executable_path/Frameworks @loader_path/Frameworks";
				PRODUCT_BUNDLE_IDENTIFIER = com.rahul.capstoneTests;
				PRODUCT_NAME = "$(TARGET_NAME)";
				SWIFT_VERSION = 4.0;
				TARGETED_DEVICE_FAMILY = "1,2";
				TEST_HOST = "$(BUILT_PRODUCTS_DIR)/capstone.app/capstone";
			};
			name = Release;
		};
		08E9871C1FF2BB6400BCB7F7 /* Debug */ = {
			isa = XCBuildConfiguration;
			buildSettings = {
				ALWAYS_EMBED_SWIFT_STANDARD_LIBRARIES = YES;
				CODE_SIGN_STYLE = Automatic;
				DEVELOPMENT_TEAM = BM93ACT257;
				INFOPLIST_FILE = capstoneUITests/Info.plist;
				LD_RUNPATH_SEARCH_PATHS = "$(inherited) @executable_path/Frameworks @loader_path/Frameworks";
				PRODUCT_BUNDLE_IDENTIFIER = com.rahul.capstoneUITests;
				PRODUCT_NAME = "$(TARGET_NAME)";
				SWIFT_VERSION = 4.0;
				TARGETED_DEVICE_FAMILY = "1,2";
				TEST_TARGET_NAME = capstone;
			};
			name = Debug;
		};
		08E9871D1FF2BB6400BCB7F7 /* Release */ = {
			isa = XCBuildConfiguration;
			buildSettings = {
				ALWAYS_EMBED_SWIFT_STANDARD_LIBRARIES = YES;
				CODE_SIGN_STYLE = Automatic;
				DEVELOPMENT_TEAM = BM93ACT257;
				INFOPLIST_FILE = capstoneUITests/Info.plist;
				LD_RUNPATH_SEARCH_PATHS = "$(inherited) @executable_path/Frameworks @loader_path/Frameworks";
				PRODUCT_BUNDLE_IDENTIFIER = com.rahul.capstoneUITests;
				PRODUCT_NAME = "$(TARGET_NAME)";
				SWIFT_VERSION = 4.0;
				TARGETED_DEVICE_FAMILY = "1,2";
				TEST_TARGET_NAME = capstone;
			};
			name = Release;
		};
/* End XCBuildConfiguration section */

/* Begin XCConfigurationList section */
		08E986E81FF2BB6400BCB7F7 /* Build configuration list for PBXProject "capstone" */ = {
			isa = XCConfigurationList;
			buildConfigurations = (
				08E987131FF2BB6400BCB7F7 /* Debug */,
				08E987141FF2BB6400BCB7F7 /* Release */,
			);
			defaultConfigurationIsVisible = 0;
			defaultConfigurationName = Release;
		};
		08E987151FF2BB6400BCB7F7 /* Build configuration list for PBXNativeTarget "capstone" */ = {
			isa = XCConfigurationList;
			buildConfigurations = (
				08E987161FF2BB6400BCB7F7 /* Debug */,
				08E987171FF2BB6400BCB7F7 /* Release */,
			);
			defaultConfigurationIsVisible = 0;
			defaultConfigurationName = Release;
		};
		08E987181FF2BB6400BCB7F7 /* Build configuration list for PBXNativeTarget "capstoneTests" */ = {
			isa = XCConfigurationList;
			buildConfigurations = (
				08E987191FF2BB6400BCB7F7 /* Debug */,
				08E9871A1FF2BB6400BCB7F7 /* Release */,
			);
			defaultConfigurationIsVisible = 0;
			defaultConfigurationName = Release;
		};
		08E9871B1FF2BB6400BCB7F7 /* Build configuration list for PBXNativeTarget "capstoneUITests" */ = {
			isa = XCConfigurationList;
			buildConfigurations = (
				08E9871C1FF2BB6400BCB7F7 /* Debug */,
				08E9871D1FF2BB6400BCB7F7 /* Release */,
			);
			defaultConfigurationIsVisible = 0;
			defaultConfigurationName = Release;
		};
/* End XCConfigurationList section */

/* Begin XCVersionGroup section */
		089211651FF4F51000327313 /* Model.xcdatamodeld */ = {
			isa = XCVersionGroup;
			children = (
				089211661FF4F51000327313 /* Model.xcdatamodel */,
			);
			currentVersion = 089211661FF4F51000327313 /* Model.xcdatamodel */;
			path = Model.xcdatamodeld;
			sourceTree = "<group>";
			versionGroupType = wrapper.xcdatamodel;
		};
/* End XCVersionGroup section */
	};
	rootObject = 08E986E51FF2BB6400BCB7F7 /* Project object */;
}
